// !$*UTF8*$!
{
	archiveVersion = 1;
	classes = {
	};
	objectVersion = 50;
	objects = {

/* Begin PBXBuildFile section */
		5E77B17E2559B18D00716478 /* WeatherApp_SwiftUIApp.swift in Sources */ = {isa = PBXBuildFile; fileRef = 5E77B17D2559B18D00716478 /* WeatherApp_SwiftUIApp.swift */; };
		5E77B1802559B18D00716478 /* WeatherView.swift in Sources */ = {isa = PBXBuildFile; fileRef = 5E77B17F2559B18D00716478 /* WeatherView.swift */; };
		5E77B1822559B19200716478 /* Assets.xcassets in Resources */ = {isa = PBXBuildFile; fileRef = 5E77B1812559B19200716478 /* Assets.xcassets */; };
		5E77B1852559B19200716478 /* Preview Assets.xcassets in Resources */ = {isa = PBXBuildFile; fileRef = 5E77B1842559B19200716478 /* Preview Assets.xcassets */; };
		5E77B18E2559C3E800716478 /* WeatherButton.swift in Sources */ = {isa = PBXBuildFile; fileRef = 5E77B18D2559C3E800716478 /* WeatherButton.swift */; };
		5E77B1E1255A55D400716478 /* WeatherData.swift in Sources */ = {isa = PBXBuildFile; fileRef = 5E77B1E0255A55D400716478 /* WeatherData.swift */; };
		5E77B1E4255A57CB00716478 /* NetworkManager.swift in Sources */ = {isa = PBXBuildFile; fileRef = 5E77B1E3255A57CB00716478 /* NetworkManager.swift */; };
		5E77B1E8255A5A0700716478 /* CurrentWeatherVM.swift in Sources */ = {isa = PBXBuildFile; fileRef = 5E77B1E7255A5A0700716478 /* CurrentWeatherVM.swift */; };
		5E77B1EC255A5FEA00716478 /* WeatherModel.swift in Sources */ = {isa = PBXBuildFile; fileRef = 5E77B1EB255A5FEA00716478 /* WeatherModel.swift */; };
		5E80FD37255B31C400E4A076 /* WeatherForecastModel.swift in Sources */ = {isa = PBXBuildFile; fileRef = 5E80FD36255B31C400E4A076 /* WeatherForecastModel.swift */; };
		5E80FD3A255B32C500E4A076 /* WeatherForecastVM.swift in Sources */ = {isa = PBXBuildFile; fileRef = 5E80FD39255B32C500E4A076 /* WeatherForecastVM.swift */; };
		5E80FD3D255B428A00E4A076 /* ForecastDayVM.swift in Sources */ = {isa = PBXBuildFile; fileRef = 5E80FD3C255B428A00E4A076 /* ForecastDayVM.swift */; };
		5E80FD41255B651700E4A076 /* DateHelper.swift in Sources */ = {isa = PBXBuildFile; fileRef = 5E80FD40255B651700E4A076 /* DateHelper.swift */; };
		5E80FD44255BA5D000E4A076 /* ForecastData.swift in Sources */ = {isa = PBXBuildFile; fileRef = 5E80FD43255BA5D000E4A076 /* ForecastData.swift */; };
		5E80FD47255BB43000E4A076 /* LocationManager.swift in Sources */ = {isa = PBXBuildFile; fileRef = 5E80FD46255BB43000E4A076 /* LocationManager.swift */; };
		5E89CEE525881F2C008B9260 /* WindHelper.swift in Sources */ = {isa = PBXBuildFile; fileRef = 5E89CEE425881F2C008B9260 /* WindHelper.swift */; };
		5EBDAD16255C902A001D77D3 /* WeatherConditionHelper.swift in Sources */ = {isa = PBXBuildFile; fileRef = 5EBDAD15255C902A001D77D3 /* WeatherConditionHelper.swift */; };
/* End PBXBuildFile section */

/* Begin PBXFileReference section */
		5E77B17A2559B18D00716478 /* WeatherApp-SwiftUI.app */ = {isa = PBXFileReference; explicitFileType = wrapper.application; includeInIndex = 0; path = "WeatherApp-SwiftUI.app"; sourceTree = BUILT_PRODUCTS_DIR; };
		5E77B17D2559B18D00716478 /* WeatherApp_SwiftUIApp.swift */ = {isa = PBXFileReference; lastKnownFileType = sourcecode.swift; path = WeatherApp_SwiftUIApp.swift; sourceTree = "<group>"; };
		5E77B17F2559B18D00716478 /* WeatherView.swift */ = {isa = PBXFileReference; lastKnownFileType = sourcecode.swift; path = WeatherView.swift; sourceTree = "<group>"; };
		5E77B1812559B19200716478 /* Assets.xcassets */ = {isa = PBXFileReference; lastKnownFileType = folder.assetcatalog; path = Assets.xcassets; sourceTree = "<group>"; };
		5E77B1842559B19200716478 /* Preview Assets.xcassets */ = {isa = PBXFileReference; lastKnownFileType = folder.assetcatalog; path = "Preview Assets.xcassets"; sourceTree = "<group>"; };
		5E77B1862559B19200716478 /* Info.plist */ = {isa = PBXFileReference; lastKnownFileType = text.plist.xml; path = Info.plist; sourceTree = "<group>"; };
		5E77B18D2559C3E800716478 /* WeatherButton.swift */ = {isa = PBXFileReference; lastKnownFileType = sourcecode.swift; path = WeatherButton.swift; sourceTree = "<group>"; };
		5E77B1E0255A55D400716478 /* WeatherData.swift */ = {isa = PBXFileReference; lastKnownFileType = sourcecode.swift; path = WeatherData.swift; sourceTree = "<group>"; };
		5E77B1E3255A57CB00716478 /* NetworkManager.swift */ = {isa = PBXFileReference; lastKnownFileType = sourcecode.swift; path = NetworkManager.swift; sourceTree = "<group>"; };
		5E77B1E7255A5A0700716478 /* CurrentWeatherVM.swift */ = {isa = PBXFileReference; lastKnownFileType = sourcecode.swift; path = CurrentWeatherVM.swift; sourceTree = "<group>"; };
		5E77B1EB255A5FEA00716478 /* WeatherModel.swift */ = {isa = PBXFileReference; lastKnownFileType = sourcecode.swift; path = WeatherModel.swift; sourceTree = "<group>"; };
		5E80FD36255B31C400E4A076 /* WeatherForecastModel.swift */ = {isa = PBXFileReference; lastKnownFileType = sourcecode.swift; path = WeatherForecastModel.swift; sourceTree = "<group>"; };
		5E80FD39255B32C500E4A076 /* WeatherForecastVM.swift */ = {isa = PBXFileReference; lastKnownFileType = sourcecode.swift; path = WeatherForecastVM.swift; sourceTree = "<group>"; };
		5E80FD3C255B428A00E4A076 /* ForecastDayVM.swift */ = {isa = PBXFileReference; lastKnownFileType = sourcecode.swift; path = ForecastDayVM.swift; sourceTree = "<group>"; };
		5E80FD40255B651700E4A076 /* DateHelper.swift */ = {isa = PBXFileReference; lastKnownFileType = sourcecode.swift; path = DateHelper.swift; sourceTree = "<group>"; };
		5E80FD43255BA5D000E4A076 /* ForecastData.swift */ = {isa = PBXFileReference; lastKnownFileType = sourcecode.swift; path = ForecastData.swift; sourceTree = "<group>"; };
		5E80FD46255BB43000E4A076 /* LocationManager.swift */ = {isa = PBXFileReference; lastKnownFileType = sourcecode.swift; path = LocationManager.swift; sourceTree = "<group>"; };
		5E89CEE425881F2C008B9260 /* WindHelper.swift */ = {isa = PBXFileReference; lastKnownFileType = sourcecode.swift; path = WindHelper.swift; sourceTree = "<group>"; };
		5EBDAD15255C902A001D77D3 /* WeatherConditionHelper.swift */ = {isa = PBXFileReference; lastKnownFileType = sourcecode.swift; path = WeatherConditionHelper.swift; sourceTree = "<group>"; };
/* End PBXFileReference section */

/* Begin PBXFrameworksBuildPhase section */
		5E77B1772559B18D00716478 /* Frameworks */ = {
			isa = PBXFrameworksBuildPhase;
			buildActionMask = 2147483647;
			files = (
			);
			runOnlyForDeploymentPostprocessing = 0;
		};
/* End PBXFrameworksBuildPhase section */

/* Begin PBXGroup section */
		5E77B1712559B18D00716478 = {
			isa = PBXGroup;
			children = (
				5E77B17C2559B18D00716478 /* WeatherApp-SwiftUI */,
				5E77B17B2559B18D00716478 /* Products */,
			);
			sourceTree = "<group>";
		};
		5E77B17B2559B18D00716478 /* Products */ = {
			isa = PBXGroup;
			children = (
				5E77B17A2559B18D00716478 /* WeatherApp-SwiftUI.app */,
			);
			name = Products;
			sourceTree = "<group>";
		};
		5E77B17C2559B18D00716478 /* WeatherApp-SwiftUI */ = {
			isa = PBXGroup;
			children = (
				5E77B1DE255A55A600716478 /* Models */,
				5EBDAD1B255CA1E7001D77D3 /* Views */,
				5E77B1E6255A59EB00716478 /* View Models */,
				5E80FD3F255B64FD00E4A076 /* Utilities */,
				5E77B1D9255A557C00716478 /* Managers */,
				5E77B1812559B19200716478 /* Assets.xcassets */,
				5E77B1862559B19200716478 /* Info.plist */,
				5E77B1832559B19200716478 /* Preview Content */,
			);
			path = "WeatherApp-SwiftUI";
			sourceTree = "<group>";
		};
		5E77B1832559B19200716478 /* Preview Content */ = {
			isa = PBXGroup;
			children = (
				5E77B1842559B19200716478 /* Preview Assets.xcassets */,
			);
			path = "Preview Content";
			sourceTree = "<group>";
		};
		5E77B1D9255A557C00716478 /* Managers */ = {
			isa = PBXGroup;
			children = (
				5E77B1E3255A57CB00716478 /* NetworkManager.swift */,
				5E80FD46255BB43000E4A076 /* LocationManager.swift */,
			);
			path = Managers;
			sourceTree = "<group>";
		};
		5E77B1DE255A55A600716478 /* Models */ = {
			isa = PBXGroup;
			children = (
				5E77B1E0255A55D400716478 /* WeatherData.swift */,
				5E77B1EB255A5FEA00716478 /* WeatherModel.swift */,
				5E80FD36255B31C400E4A076 /* WeatherForecastModel.swift */,
				5E80FD43255BA5D000E4A076 /* ForecastData.swift */,
			);
			path = Models;
			sourceTree = "<group>";
		};
		5E77B1E6255A59EB00716478 /* View Models */ = {
			isa = PBXGroup;
			children = (
				5E77B1E7255A5A0700716478 /* CurrentWeatherVM.swift */,
				5E80FD39255B32C500E4A076 /* WeatherForecastVM.swift */,
				5E80FD3C255B428A00E4A076 /* ForecastDayVM.swift */,
			);
			path = "View Models";
			sourceTree = "<group>";
		};
		5E80FD3F255B64FD00E4A076 /* Utilities */ = {
			isa = PBXGroup;
			children = (
				5E77B17D2559B18D00716478 /* WeatherApp_SwiftUIApp.swift */,
				5E80FD40255B651700E4A076 /* DateHelper.swift */,
				5EBDAD15255C902A001D77D3 /* WeatherConditionHelper.swift */,
				5E89CEE425881F2C008B9260 /* WindHelper.swift */,
			);
			path = Utilities;
			sourceTree = "<group>";
		};
		5EBDAD1B255CA1E7001D77D3 /* Views */ = {
			isa = PBXGroup;
			children = (
				5E77B17F2559B18D00716478 /* WeatherView.swift */,
				5EBDAD1C255CA1EF001D77D3 /* Buttons */,
			);
			path = Views;
			sourceTree = "<group>";
		};
		5EBDAD1C255CA1EF001D77D3 /* Buttons */ = {
			isa = PBXGroup;
			children = (
				5E77B18D2559C3E800716478 /* WeatherButton.swift */,
			);
			path = Buttons;
			sourceTree = "<group>";
		};
/* End PBXGroup section */

/* Begin PBXNativeTarget section */
		5E77B1792559B18D00716478 /* WeatherApp-SwiftUI */ = {
			isa = PBXNativeTarget;
			buildConfigurationList = 5E77B1892559B19200716478 /* Build configuration list for PBXNativeTarget "WeatherApp-SwiftUI" */;
			buildPhases = (
				5E77B1762559B18D00716478 /* Sources */,
				5E77B1772559B18D00716478 /* Frameworks */,
				5E77B1782559B18D00716478 /* Resources */,
			);
			buildRules = (
			);
			dependencies = (
			);
			name = "WeatherApp-SwiftUI";
			productName = "WeatherApp-SwiftUI";
			productReference = 5E77B17A2559B18D00716478 /* WeatherApp-SwiftUI.app */;
			productType = "com.apple.product-type.application";
		};
/* End PBXNativeTarget section */

/* Begin PBXProject section */
		5E77B1722559B18D00716478 /* Project object */ = {
			isa = PBXProject;
			attributes = {
				LastSwiftUpdateCheck = 1210;
				LastUpgradeCheck = 1210;
				TargetAttributes = {
					5E77B1792559B18D00716478 = {
						CreatedOnToolsVersion = 12.1;
					};
				};
			};
			buildConfigurationList = 5E77B1752559B18D00716478 /* Build configuration list for PBXProject "WeatherApp-SwiftUI" */;
			compatibilityVersion = "Xcode 9.3";
			developmentRegion = en;
			hasScannedForEncodings = 0;
			knownRegions = (
				en,
				Base,
			);
			mainGroup = 5E77B1712559B18D00716478;
			productRefGroup = 5E77B17B2559B18D00716478 /* Products */;
			projectDirPath = "";
			projectRoot = "";
			targets = (
				5E77B1792559B18D00716478 /* WeatherApp-SwiftUI */,
			);
		};
/* End PBXProject section */

/* Begin PBXResourcesBuildPhase section */
		5E77B1782559B18D00716478 /* Resources */ = {
			isa = PBXResourcesBuildPhase;
			buildActionMask = 2147483647;
			files = (
				5E77B1852559B19200716478 /* Preview Assets.xcassets in Resources */,
				5E77B1822559B19200716478 /* Assets.xcassets in Resources */,
			);
			runOnlyForDeploymentPostprocessing = 0;
		};
/* End PBXResourcesBuildPhase section */

/* Begin PBXSourcesBuildPhase section */
		5E77B1762559B18D00716478 /* Sources */ = {
			isa = PBXSourcesBuildPhase;
			buildActionMask = 2147483647;
			files = (
				5E80FD3A255B32C500E4A076 /* WeatherForecastVM.swift in Sources */,
				5E77B1E8255A5A0700716478 /* CurrentWeatherVM.swift in Sources */,
				5E80FD44255BA5D000E4A076 /* ForecastData.swift in Sources */,
				5E80FD3D255B428A00E4A076 /* ForecastDayVM.swift in Sources */,
				5E89CEE525881F2C008B9260 /* WindHelper.swift in Sources */,
				5E77B1E4255A57CB00716478 /* NetworkManager.swift in Sources */,
				5EBDAD16255C902A001D77D3 /* WeatherConditionHelper.swift in Sources */,
				5E77B1802559B18D00716478 /* WeatherView.swift in Sources */,
				5E77B1E1255A55D400716478 /* WeatherData.swift in Sources */,
				5E77B17E2559B18D00716478 /* WeatherApp_SwiftUIApp.swift in Sources */,
				5E80FD37255B31C400E4A076 /* WeatherForecastModel.swift in Sources */,
				5E80FD47255BB43000E4A076 /* LocationManager.swift in Sources */,
				5E80FD41255B651700E4A076 /* DateHelper.swift in Sources */,
				5E77B1EC255A5FEA00716478 /* WeatherModel.swift in Sources */,
				5E77B18E2559C3E800716478 /* WeatherButton.swift in Sources */,
			);
			runOnlyForDeploymentPostprocessing = 0;
		};
/* End PBXSourcesBuildPhase section */

/* Begin XCBuildConfiguration section */
		5E77B1872559B19200716478 /* Debug */ = {
			isa = XCBuildConfiguration;
			buildSettings = {
				ALWAYS_SEARCH_USER_PATHS = NO;
				CLANG_ANALYZER_NONNULL = YES;
				CLANG_ANALYZER_NUMBER_OBJECT_CONVERSION = YES_AGGRESSIVE;
				CLANG_CXX_LANGUAGE_STANDARD = "gnu++14";
				CLANG_CXX_LIBRARY = "libc++";
				CLANG_ENABLE_MODULES = YES;
				CLANG_ENABLE_OBJC_ARC = YES;
				CLANG_ENABLE_OBJC_WEAK = YES;
				CLANG_WARN_BLOCK_CAPTURE_AUTORELEASING = YES;
				CLANG_WARN_BOOL_CONVERSION = YES;
				CLANG_WARN_COMMA = YES;
				CLANG_WARN_CONSTANT_CONVERSION = YES;
				CLANG_WARN_DEPRECATED_OBJC_IMPLEMENTATIONS = YES;
				CLANG_WARN_DIRECT_OBJC_ISA_USAGE = YES_ERROR;
				CLANG_WARN_DOCUMENTATION_COMMENTS = YES;
				CLANG_WARN_EMPTY_BODY = YES;
				CLANG_WARN_ENUM_CONVERSION = YES;
				CLANG_WARN_INFINITE_RECURSION = YES;
				CLANG_WARN_INT_CONVERSION = YES;
				CLANG_WARN_NON_LITERAL_NULL_CONVERSION = YES;
				CLANG_WARN_OBJC_IMPLICIT_RETAIN_SELF = YES;
				CLANG_WARN_OBJC_LITERAL_CONVERSION = YES;
				CLANG_WARN_OBJC_ROOT_CLASS = YES_ERROR;
				CLANG_WARN_QUOTED_INCLUDE_IN_FRAMEWORK_HEADER = YES;
				CLANG_WARN_RANGE_LOOP_ANALYSIS = YES;
				CLANG_WARN_STRICT_PROTOTYPES = YES;
				CLANG_WARN_SUSPICIOUS_MOVE = YES;
				CLANG_WARN_UNGUARDED_AVAILABILITY = YES_AGGRESSIVE;
				CLANG_WARN_UNREACHABLE_CODE = YES;
				CLANG_WARN__DUPLICATE_METHOD_MATCH = YES;
				COPY_PHASE_STRIP = NO;
				DEBUG_INFORMATION_FORMAT = dwarf;
				ENABLE_STRICT_OBJC_MSGSEND = YES;
				ENABLE_TESTABILITY = YES;
				GCC_C_LANGUAGE_STANDARD = gnu11;
				GCC_DYNAMIC_NO_PIC = NO;
				GCC_NO_COMMON_BLOCKS = YES;
				GCC_OPTIMIZATION_LEVEL = 0;
				GCC_PREPROCESSOR_DEFINITIONS = (
					"DEBUG=1",
					"$(inherited)",
				);
				GCC_WARN_64_TO_32_BIT_CONVERSION = YES;
				GCC_WARN_ABOUT_RETURN_TYPE = YES_ERROR;
				GCC_WARN_UNDECLARED_SELECTOR = YES;
				GCC_WARN_UNINITIALIZED_AUTOS = YES_AGGRESSIVE;
				GCC_WARN_UNUSED_FUNCTION = YES;
				GCC_WARN_UNUSED_VARIABLE = YES;
				IPHONEOS_DEPLOYMENT_TARGET = 14.1;
				MTL_ENABLE_DEBUG_INFO = INCLUDE_SOURCE;
				MTL_FAST_MATH = YES;
				ONLY_ACTIVE_ARCH = YES;
				SDKROOT = iphoneos;
				SWIFT_ACTIVE_COMPILATION_CONDITIONS = DEBUG;
				SWIFT_OPTIMIZATION_LEVEL = "-Onone";
			};
			name = Debug;
		};
		5E77B1882559B19200716478 /* Release */ = {
			isa = XCBuildConfiguration;
			buildSettings = {
				ALWAYS_SEARCH_USER_PATHS = NO;
				CLANG_ANALYZER_NONNULL = YES;
				CLANG_ANALYZER_NUMBER_OBJECT_CONVERSION = YES_AGGRESSIVE;
				CLANG_CXX_LANGUAGE_STANDARD = "gnu++14";
				CLANG_CXX_LIBRARY = "libc++";
				CLANG_ENABLE_MODULES = YES;
				CLANG_ENABLE_OBJC_ARC = YES;
				CLANG_ENABLE_OBJC_WEAK = YES;
				CLANG_WARN_BLOCK_CAPTURE_AUTORELEASING = YES;
				CLANG_WARN_BOOL_CONVERSION = YES;
				CLANG_WARN_COMMA = YES;
				CLANG_WARN_CONSTANT_CONVERSION = YES;
				CLANG_WARN_DEPRECATED_OBJC_IMPLEMENTATIONS = YES;
				CLANG_WARN_DIRECT_OBJC_ISA_USAGE = YES_ERROR;
				CLANG_WARN_DOCUMENTATION_COMMENTS = YES;
				CLANG_WARN_EMPTY_BODY = YES;
				CLANG_WARN_ENUM_CONVERSION = YES;
				CLANG_WARN_INFINITE_RECURSION = YES;
				CLANG_WARN_INT_CONVERSION = YES;
				CLANG_WARN_NON_LITERAL_NULL_CONVERSION = YES;
				CLANG_WARN_OBJC_IMPLICIT_RETAIN_SELF = YES;
				CLANG_WARN_OBJC_LITERAL_CONVERSION = YES;
				CLANG_WARN_OBJC_ROOT_CLASS = YES_ERROR;
				CLANG_WARN_QUOTED_INCLUDE_IN_FRAMEWORK_HEADER = YES;
				CLANG_WARN_RANGE_LOOP_ANALYSIS = YES;
				CLANG_WARN_STRICT_PROTOTYPES = YES;
				CLANG_WARN_SUSPICIOUS_MOVE = YES;
				CLANG_WARN_UNGUARDED_AVAILABILITY = YES_AGGRESSIVE;
				CLANG_WARN_UNREACHABLE_CODE = YES;
				CLANG_WARN__DUPLICATE_METHOD_MATCH = YES;
				COPY_PHASE_STRIP = NO;
				DEBUG_INFORMATION_FORMAT = "dwarf-with-dsym";
				ENABLE_NS_ASSERTIONS = NO;
				ENABLE_STRICT_OBJC_MSGSEND = YES;
				GCC_C_LANGUAGE_STANDARD = gnu11;
				GCC_NO_COMMON_BLOCKS = YES;
				GCC_WARN_64_TO_32_BIT_CONVERSION = YES;
				GCC_WARN_ABOUT_RETURN_TYPE = YES_ERROR;
				GCC_WARN_UNDECLARED_SELECTOR = YES;
				GCC_WARN_UNINITIALIZED_AUTOS = YES_AGGRESSIVE;
				GCC_WARN_UNUSED_FUNCTION = YES;
				GCC_WARN_UNUSED_VARIABLE = YES;
				IPHONEOS_DEPLOYMENT_TARGET = 14.1;
				MTL_ENABLE_DEBUG_INFO = NO;
				MTL_FAST_MATH = YES;
				SDKROOT = iphoneos;
				SWIFT_COMPILATION_MODE = wholemodule;
				SWIFT_OPTIMIZATION_LEVEL = "-O";
				VALIDATE_PRODUCT = YES;
			};
			name = Release;
		};
		5E77B18A2559B19200716478 /* Debug */ = {
			isa = XCBuildConfiguration;
			buildSettings = {
				ASSETCATALOG_COMPILER_APPICON_NAME = AppIcon;
				ASSETCATALOG_COMPILER_GLOBAL_ACCENT_COLOR_NAME = AccentColor;
				CODE_SIGN_STYLE = Automatic;
				DEVELOPMENT_ASSET_PATHS = "\"WeatherApp-SwiftUI/Preview Content\"";
				DEVELOPMENT_TEAM = 5PKBVW8P3C;
				ENABLE_PREVIEWS = YES;
				INFOPLIST_FILE = "WeatherApp-SwiftUI/Info.plist";
				IPHONEOS_DEPLOYMENT_TARGET = 14.0;
				LD_RUNPATH_SEARCH_PATHS = (
					"$(inherited)",
					"@executable_path/Frameworks",
				);
				PRODUCT_BUNDLE_IDENTIFIER = "com.scottquintana.WeatherApp-SwiftUI";
				PRODUCT_NAME = "$(TARGET_NAME)";
				SWIFT_VERSION = 5.0;
				TARGETED_DEVICE_FAMILY = 1;
			};
			name = Debug;
		};
		5E77B18B2559B19200716478 /* Release */ = {
			isa = XCBuildConfiguration;
			buildSettings = {
				ASSETCATALOG_COMPILER_APPICON_NAME = AppIcon;
				ASSETCATALOG_COMPILER_GLOBAL_ACCENT_COLOR_NAME = AccentColor;
				CODE_SIGN_STYLE = Automatic;
				DEVELOPMENT_ASSET_PATHS = "\"WeatherApp-SwiftUI/Preview Content\"";
				DEVELOPMENT_TEAM = 5PKBVW8P3C;
				ENABLE_PREVIEWS = YES;
				INFOPLIST_FILE = "WeatherApp-SwiftUI/Info.plist";
				IPHONEOS_DEPLOYMENT_TARGET = 14.0;
				LD_RUNPATH_SEARCH_PATHS = (
					"$(inherited)",
					"@executable_path/Frameworks",
				);
				PRODUCT_BUNDLE_IDENTIFIER = "com.scottquintana.WeatherApp-SwiftUI";
				PRODUCT_NAME = "$(TARGET_NAME)";
				SWIFT_VERSION = 5.0;
				TARGETED_DEVICE_FAMILY = 1;
			};
			name = Release;
		};
/* End XCBuildConfiguration section */

/* Begin XCConfigurationList section */
		5E77B1752559B18D00716478 /* Build configuration list for PBXProject "WeatherApp-SwiftUI" */ = {
			isa = XCConfigurationList;
			buildConfigurations = (
				5E77B1872559B19200716478 /* Debug */,
				5E77B1882559B19200716478 /* Release */,
			);
			defaultConfigurationIsVisible = 0;
			defaultConfigurationName = Release;
		};
		5E77B1892559B19200716478 /* Build configuration list for PBXNativeTarget "WeatherApp-SwiftUI" */ = {
			isa = XCConfigurationList;
			buildConfigurations = (
				5E77B18A2559B19200716478 /* Debug */,
				5E77B18B2559B19200716478 /* Release */,
			);
			defaultConfigurationIsVisible = 0;
			defaultConfigurationName = Release;
		};
/* End XCConfigurationList section */
	};
	rootObject = 5E77B1722559B18D00716478 /* Project object */;
}
